
Microsoft Visual Studio Solution File, Format Version 12.00
# Visual Studio Version 17
VisualStudioVersion = 17.8.34322.80
MinimumVisualStudioVersion = 10.0.40219.1
Project("{9A19103F-16F7-4668-BE54-9A1E7A4F7556}") = "App.API", "App.API\App.API.csproj", "{8180055F-7B52-4026-8993-9A570CF155AF}"
	ProjectSection(ProjectDependencies) = postProject
		{A6DC42DF-D282-4232-BA38-EBC38F0C2FE2} = {A6DC42DF-D282-4232-BA38-EBC38F0C2FE2}
	EndProjectSection
EndProject
Project("{54A90642-561A-4BB1-A94E-469ADEE60C69}") = "App.Client", "App.Client\App.Client.esproj", "{9254D75C-6BF0-462C-AAA5-749C4D72F984}"
EndProject
Project("{9A19103F-16F7-4668-BE54-9A1E7A4F7556}") = "System.Providers", "System.Providers\System.Providers.csproj", "{559AA268-558F-4642-B957-E960C15958B8}"
EndProject
Project("{9A19103F-16F7-4668-BE54-9A1E7A4F7556}") = "System.Entities", "System.Entities\System.Entities.csproj", "{A6DC42DF-D282-4232-BA38-EBC38F0C2FE2}"
EndProject
Project("{9A19103F-16F7-4668-BE54-9A1E7A4F7556}") = "System.BussinessRules", "System.BussinessRules\System.BussinessRules.csproj", "{0400D4A2-3C41-449C-A66E-A160DCA68289}"
	ProjectSection(ProjectDependencies) = postProject
		{A6DC42DF-D282-4232-BA38-EBC38F0C2FE2} = {A6DC42DF-D282-4232-BA38-EBC38F0C2FE2}
	EndProjectSection
EndProject
Global
	GlobalSection(SolutionConfigurationPlatforms) = preSolution
		Debug|Any CPU = Debug|Any CPU
		Release|Any CPU = Release|Any CPU
	EndGlobalSection
	GlobalSection(ProjectConfigurationPlatforms) = postSolution
		{8180055F-7B52-4026-8993-9A570CF155AF}.Debug|Any CPU.ActiveCfg = Debug|Any CPU
		{8180055F-7B52-4026-8993-9A570CF155AF}.Debug|Any CPU.Build.0 = Debug|Any CPU
		{8180055F-7B52-4026-8993-9A570CF155AF}.Release|Any CPU.ActiveCfg = Release|Any CPU
		{8180055F-7B52-4026-8993-9A570CF155AF}.Release|Any CPU.Build.0 = Release|Any CPU
		{9254D75C-6BF0-462C-AAA5-749C4D72F984}.Debug|Any CPU.ActiveCfg = Debug|Any CPU
		{9254D75C-6BF0-462C-AAA5-749C4D72F984}.Debug|Any CPU.Build.0 = Debug|Any CPU
		{9254D75C-6BF0-462C-AAA5-749C4D72F984}.Debug|Any CPU.Deploy.0 = Debug|Any CPU
		{9254D75C-6BF0-462C-AAA5-749C4D72F984}.Release|Any CPU.ActiveCfg = Release|Any CPU
		{9254D75C-6BF0-462C-AAA5-749C4D72F984}.Release|Any CPU.Build.0 = Release|Any CPU
		{9254D75C-6BF0-462C-AAA5-749C4D72F984}.Release|Any CPU.Deploy.0 = Release|Any CPU
		{559AA268-558F-4642-B957-E960C15958B8}.Debug|Any CPU.ActiveCfg = Debug|Any CPU
		{559AA268-558F-4642-B957-E960C15958B8}.Debug|Any CPU.Build.0 = Debug|Any CPU
		{559AA268-558F-4642-B957-E960C15958B8}.Release|Any CPU.ActiveCfg = Release|Any CPU
		{559AA268-558F-4642-B957-E960C15958B8}.Release|Any CPU.Build.0 = Release|Any CPU
		{A6DC42DF-D282-4232-BA38-EBC38F0C2FE2}.Debug|Any CPU.ActiveCfg = Debug|Any CPU
		{A6DC42DF-D282-4232-BA38-EBC38F0C2FE2}.Debug|Any CPU.Build.0 = Debug|Any CPU
		{A6DC42DF-D282-4232-BA38-EBC38F0C2FE2}.Release|Any CPU.ActiveCfg = Release|Any CPU
		{A6DC42DF-D282-4232-BA38-EBC38F0C2FE2}.Release|Any CPU.Build.0 = Release|Any CPU
		{0400D4A2-3C41-449C-A66E-A160DCA68289}.Debug|Any CPU.ActiveCfg = Debug|Any CPU
		{0400D4A2-3C41-449C-A66E-A160DCA68289}.Debug|Any CPU.Build.0 = Debug|Any CPU
		{0400D4A2-3C41-449C-A66E-A160DCA68289}.Release|Any CPU.ActiveCfg = Release|Any CPU
		{0400D4A2-3C41-449C-A66E-A160DCA68289}.Release|Any CPU.Build.0 = Release|Any CPU
	EndGlobalSection
	GlobalSection(SolutionProperties) = preSolution
		HideSolutionNode = FALSE
	EndGlobalSection
	GlobalSection(ExtensibilityGlobals) = postSolution
		SolutionGuid = {AE33AB7A-9E37-49EF-90C7-2672D5FC69A4}
	EndGlobalSection
EndGlobal
